
Microsoft Visual Studio Solution File, Format Version 12.00
# Visual Studio 15
VisualStudioVersion = 15.0.27703.2047
MinimumVisualStudioVersion = 10.0.40219.1
Project("{FAE04EC0-301F-11D3-BF4B-00C04F79EFBC}") = "Foxit-PDF-TEST", "Foxit-PDF-TEST\Foxit-PDF-TEST.csproj", "{2DEC51DE-7424-430B-B33F-53B819C0AB68}"
EndProject
Project("{FAE04EC0-301F-11D3-BF4B-00C04F79EFBC}") = "Foxit-PDF-Demo", "Foxit-PDF-Demo\Foxit-PDF-Demo.csproj", "{2736BBFC-47ED-4D46-83DE-1D4C8CDD6697}"
EndProject
Global
	GlobalSection(SolutionConfigurationPlatforms) = preSolution
		Debug|Any CPU = Debug|Any CPU
		Release|Any CPU = Release|Any CPU
	EndGlobalSection
	GlobalSection(ProjectConfigurationPlatforms) = postSolution
		{2DEC51DE-7424-430B-B33F-53B819C0AB68}.Debug|Any CPU.ActiveCfg = Debug|Any CPU
		{2DEC51DE-7424-430B-B33F-53B819C0AB68}.Debug|Any CPU.Build.0 = Debug|Any CPU
		{2DEC51DE-7424-430B-B33F-53B819C0AB68}.Release|Any CPU.ActiveCfg = Release|Any CPU
		{2DEC51DE-7424-430B-B33F-53B819C0AB68}.Release|Any CPU.Build.0 = Release|Any CPU
		{2736BBFC-47ED-4D46-83DE-1D4C8CDD6697}.Debug|Any CPU.ActiveCfg = Debug|Any CPU
		{2736BBFC-47ED-4D46-83DE-1D4C8CDD6697}.Debug|Any CPU.Build.0 = Debug|Any CPU
		{2736BBFC-47ED-4D46-83DE-1D4C8CDD6697}.Release|Any CPU.ActiveCfg = Release|Any CPU
		{2736BBFC-47ED-4D46-83DE-1D4C8CDD6697}.Release|Any CPU.Build.0 = Release|Any CPU
	EndGlobalSection
	GlobalSection(SolutionProperties) = preSolution
		HideSolutionNode = FALSE
	EndGlobalSection
	GlobalSection(ExtensibilityGlobals) = postSolution
		SolutionGuid = {3814E90C-15E4-432A-BE3F-E7309679A8E3}
	EndGlobalSection
EndGlobal
